// !$*UTF8*$!
{
	archiveVersion = 1;
	classes = {
	};
	objectVersion = 46;
	objects = {

/* Begin PBXBuildFile section */
		AA0357C413F3CCCC003D50F3 /* libcrypto.dylib in Frameworks */ = {isa = PBXBuildFile; fileRef = AA0357C313F3CCCC003D50F3 /* libcrypto.dylib */; };
		AA0357CE13F41F0E003D50F3 /* Quartz.framework in Frameworks */ = {isa = PBXBuildFile; fileRef = AA0357CD13F41F0E003D50F3 /* Quartz.framework */; };
		AA04F85013B8867700A8C548 /* STCSimblLorder.m in Sources */ = {isa = PBXBuildFile; fileRef = AA04F84E13B8867700A8C548 /* STCSimblLorder.m */; settings = {COMPILER_FLAGS = "-fno-objc-arc"; }; };
		AA04F85313B88BF800A8C548 /* STSafariConnect.m in Sources */ = {isa = PBXBuildFile; fileRef = AA04F85213B88BF800A8C548 /* STSafariConnect.m */; settings = {COMPILER_FLAGS = "-fno-objc-arc"; }; };
		AA0881AA13E4284B003B70DF /* Localizable.strings in Resources */ = {isa = PBXBuildFile; fileRef = AA0881AC13E4284B003B70DF /* Localizable.strings */; };
		AA0881B013E51287003B70DF /* STSTitleBarModule.m in Sources */ = {isa = PBXBuildFile; fileRef = AA0881AF13E51287003B70DF /* STSTitleBarModule.m */; settings = {COMPILER_FLAGS = "-fno-objc-arc"; }; };
		AA09B1F213DE866100389D8B /* STKeyHandler.m in Sources */ = {isa = PBXBuildFile; fileRef = AA09B1F113DE866100389D8B /* STKeyHandler.m */; settings = {COMPILER_FLAGS = "-fno-objc-arc"; }; };
		AA0B390215C28CEA00A025FF /* quicksearch_defaults.plist in Resources */ = {isa = PBXBuildFile; fileRef = AA0B390115C28CEA00A025FF /* quicksearch_defaults.plist */; };
		AA0B390515C503EC00A025FF /* STActionMenuModule.m in Sources */ = {isa = PBXBuildFile; fileRef = AA0B390415C503EB00A025FF /* STActionMenuModule.m */; settings = {COMPILER_FLAGS = "-fno-objc-arc"; }; };
		AA0B390715C5044F00A025FF /* STTBActionMenu.tiff in Resources */ = {isa = PBXBuildFile; fileRef = AA0B390615C5044F00A025FF /* STTBActionMenu.tiff */; };
		AA0B390C15C54ED000A025FF /* STTBActionMenuDisabled.tiff in Resources */ = {isa = PBXBuildFile; fileRef = AA0B390B15C54ED000A025FF /* STTBActionMenuDisabled.tiff */; };
		AA12DA7E13B73EFA0082EBB3 /* Cocoa.framework in Frameworks */ = {isa = PBXBuildFile; fileRef = AA12DA7D13B73EFA0082EBB3 /* Cocoa.framework */; };
		AA12DA8813B73EFA0082EBB3 /* InfoPlist.strings in Resources */ = {isa = PBXBuildFile; fileRef = AA12DA8613B73EFA0082EBB3 /* InfoPlist.strings */; };
		AA171B74168E05C1007A4661 /* STQuickSearch+QSToolbar.m in Sources */ = {isa = PBXBuildFile; fileRef = AA171B73168E05C0007A4661 /* STQuickSearch+QSToolbar.m */; settings = {COMPILER_FLAGS = "-fno-objc-arc"; }; };
		AA171B791690A4A7007A4661 /* STQSToolbarBaseView.m in Sources */ = {isa = PBXBuildFile; fileRef = AA171B781690A4A7007A4661 /* STQSToolbarBaseView.m */; settings = {COMPILER_FLAGS = "-fno-objc-arc"; }; };
		AA171B7F1690A54E007A4661 /* STQSToolbarSearchView.m in Sources */ = {isa = PBXBuildFile; fileRef = AA171B7E1690A54E007A4661 /* STQSToolbarSearchView.m */; settings = {COMPILER_FLAGS = "-fno-objc-arc"; }; };
		AA396EFF13F61B1E00EF5806 /* STStandSearchViewCtl.m in Sources */ = {isa = PBXBuildFile; fileRef = AA396EFD13F61B1E00EF5806 /* STStandSearchViewCtl.m */; settings = {COMPILER_FLAGS = "-fno-objc-arc"; }; };
		AA396F0013F61B1E00EF5806 /* STStandSearchViewCtl.xib in Resources */ = {isa = PBXBuildFile; fileRef = AA396EFE13F61B1E00EF5806 /* STStandSearchViewCtl.xib */; };
		AA396F0313F61ED800EF5806 /* STMetadataQueryCtl.m in Sources */ = {isa = PBXBuildFile; fileRef = AA396F0213F61ED800EF5806 /* STMetadataQueryCtl.m */; settings = {COMPILER_FLAGS = "-fno-objc-arc"; }; };
		AA396F0613F638C100EF5806 /* STStandSearchWinCtl.m in Sources */ = {isa = PBXBuildFile; fileRef = AA396F0513F638C100EF5806 /* STStandSearchWinCtl.m */; settings = {COMPILER_FLAGS = "-fno-objc-arc"; }; };
		AA396F0813F639A100EF5806 /* STStandSearchWinCtl.xib in Resources */ = {isa = PBXBuildFile; fileRef = AA396F0713F639A100EF5806 /* STStandSearchWinCtl.xib */; };
		AA47D5D813B97CC800C9A19E /* STCSafariStandCore.m in Sources */ = {isa = PBXBuildFile; fileRef = AA47D5D713B97CC800C9A19E /* STCSafariStandCore.m */; settings = {COMPILER_FLAGS = "-fno-objc-arc"; }; };
		AA47D5DB13B9AC3100C9A19E /* STCModule.m in Sources */ = {isa = PBXBuildFile; fileRef = AA47D5DA13B9AC3100C9A19E /* STCModule.m */; settings = {COMPILER_FLAGS = "-fno-objc-arc"; }; };
		AA47D5DF13B9AE3A00C9A19E /* STBookmarkSeparator.m in Sources */ = {isa = PBXBuildFile; fileRef = AA47D5DE13B9AE3A00C9A19E /* STBookmarkSeparator.m */; settings = {COMPILER_FLAGS = "-fno-objc-arc"; }; };
		AA47D5E213B9AFD400C9A19E /* HTObjectHook.m in Sources */ = {isa = PBXBuildFile; fileRef = AA47D5E113B9AFD400C9A19E /* HTObjectHook.m */; settings = {COMPILER_FLAGS = "-fno-objc-arc"; }; };
		AA47D5EC13B9B42800C9A19E /* NSObject+HTAssociatedObject.m in Sources */ = {isa = PBXBuildFile; fileRef = AA47D5EA13B9B42800C9A19E /* NSObject+HTAssociatedObject.m */; settings = {COMPILER_FLAGS = "-fno-objc-arc"; }; };
		AA5B3AA913BC5782001453C0 /* WebKit.framework in Frameworks */ = {isa = PBXBuildFile; fileRef = AA5B3AA813BC5782001453C0 /* WebKit.framework */; };
		AA5B3AAC13BC7667001453C0 /* STSContextMenuModule.m in Sources */ = {isa = PBXBuildFile; fileRef = AA5B3AAB13BC7667001453C0 /* STSContextMenuModule.m */; settings = {COMPILER_FLAGS = "-fno-objc-arc"; }; };
		AA6FCF3E15D3EA3A008AE5AB /* SquashContextMenuSheetCtl.m in Sources */ = {isa = PBXBuildFile; fileRef = AA6FCF3C15D3EA3A008AE5AB /* SquashContextMenuSheetCtl.m */; settings = {COMPILER_FLAGS = "-fno-objc-arc"; }; };
		AA6FCF3F15D3EA3A008AE5AB /* SquashContextMenuSheetCtl.xib in Resources */ = {isa = PBXBuildFile; fileRef = AA6FCF3D15D3EA3A008AE5AB /* SquashContextMenuSheetCtl.xib */; };
		AA6FCF4215D3F271008AE5AB /* SquashContextMenuItems.plist in Resources */ = {isa = PBXBuildFile; fileRef = AA6FCF4415D3F271008AE5AB /* SquashContextMenuItems.plist */; };
		AA718A9D13B9D8DA00327606 /* STActionMessage.m in Sources */ = {isa = PBXBuildFile; fileRef = AA718A9C13B9D8DA00327606 /* STActionMessage.m */; settings = {COMPILER_FLAGS = "-fno-objc-arc"; }; };
		AA718AA113B9F47300327606 /* STCTabWithToolbarWinCtl.m in Sources */ = {isa = PBXBuildFile; fileRef = AA718AA013B9F47200327606 /* STCTabWithToolbarWinCtl.m */; settings = {COMPILER_FLAGS = "-fno-objc-arc"; }; };
		AA718AA613BA00DE00327606 /* STPrefWindowModule.m in Sources */ = {isa = PBXBuildFile; fileRef = AA718AA513BA00DE00327606 /* STPrefWindowModule.m */; settings = {COMPILER_FLAGS = "-fno-objc-arc"; }; };
		AA718AA813BAD39D00327606 /* STPrefGeneral.tiff in Resources */ = {isa = PBXBuildFile; fileRef = AA718AA713BAD39D00327606 /* STPrefGeneral.tiff */; };
		AA718AB713BB46CB00327606 /* STCSafariStandCore+Toolbar.m in Sources */ = {isa = PBXBuildFile; fileRef = AA718AB613BB46CA00327606 /* STCSafariStandCore+Toolbar.m */; settings = {COMPILER_FLAGS = "-fno-objc-arc"; }; };
		AA718ABA13BB524C00327606 /* STSToolbarModule.m in Sources */ = {isa = PBXBuildFile; fileRef = AA718AB913BB524C00327606 /* STSToolbarModule.m */; settings = {COMPILER_FLAGS = "-fno-objc-arc"; }; };
		AA775EF313DA7470001B0461 /* STSTabBarModule.m in Sources */ = {isa = PBXBuildFile; fileRef = AA775EF213DA7470001B0461 /* STSTabBarModule.m */; settings = {COMPILER_FLAGS = "-fno-objc-arc"; }; };
		AA775EF713DA9603001B0461 /* NSString+HTUtil.m in Sources */ = {isa = PBXBuildFile; fileRef = AA775EF613DA9603001B0461 /* NSString+HTUtil.m */; settings = {COMPILER_FLAGS = "-fno-objc-arc"; }; };
		AA775EFA13DB9182001B0461 /* STQuickSearch+CompletionCtl.m in Sources */ = {isa = PBXBuildFile; fileRef = AA775EF913DB9182001B0461 /* STQuickSearch+CompletionCtl.m */; settings = {COMPILER_FLAGS = "-fno-objc-arc"; }; };
		AA780DA313F1A88C0042A253 /* STClassifyDownloadAdvSheetCtl.m in Sources */ = {isa = PBXBuildFile; fileRef = AA780DA113F1A88C0042A253 /* STClassifyDownloadAdvSheetCtl.m */; settings = {COMPILER_FLAGS = "-fno-objc-arc"; }; };
		AA780DA613F1C0F40042A253 /* STClassifyDownloadAdvSheet.xib in Resources */ = {isa = PBXBuildFile; fileRef = AA780DA513F1C0F40042A253 /* STClassifyDownloadAdvSheet.xib */; };
		AA780DA913F1C5E00042A253 /* HTUtils.m in Sources */ = {isa = PBXBuildFile; fileRef = AA780DA813F1C5DF0042A253 /* HTUtils.m */; settings = {COMPILER_FLAGS = "-fno-objc-arc"; }; };
		AA92216C13C04DB1006E898F /* HTQuerySeedEditViewCtl.xib in Resources */ = {isa = PBXBuildFile; fileRef = AA92216D13C04DB1006E898F /* HTQuerySeedEditViewCtl.xib */; };
		AA92216E13C04DE6006E898F /* STCPrefWin.xib in Resources */ = {isa = PBXBuildFile; fileRef = AA92216F13C04DE6006E898F /* STCPrefWin.xib */; };
		AA934E8B13BF18650019D191 /* NSApplication+SafariStand.m in Sources */ = {isa = PBXBuildFile; fileRef = AA934E8A13BF18650019D191 /* NSApplication+SafariStand.m */; settings = {COMPILER_FLAGS = "-fno-objc-arc"; }; };
		AA9F781A13F91D8C0016874A /* WebKit2.framework in Frameworks */ = {isa = PBXBuildFile; fileRef = AA9F781913F91D8C0016874A /* WebKit2.framework */; };
		AAAC1AA813BE14AF00FB13A2 /* HTQuerySeedEditViewCtl.m in Sources */ = {isa = PBXBuildFile; fileRef = AAAC1AA513BE14AF00FB13A2 /* HTQuerySeedEditViewCtl.m */; settings = {COMPILER_FLAGS = "-fno-objc-arc"; }; };
		AAAC1AAC13BE163700FB13A2 /* STQuickSearch.m in Sources */ = {isa = PBXBuildFile; fileRef = AAAC1AAB13BE163700FB13A2 /* STQuickSearch.m */; settings = {COMPILER_FLAGS = "-fno-objc-arc"; }; };
		AAAC1AAF13BE2BEA00FB13A2 /* HTQuerySeed.m in Sources */ = {isa = PBXBuildFile; fileRef = AAAC1AAE13BE2BEA00FB13A2 /* HTQuerySeed.m */; settings = {COMPILER_FLAGS = "-fno-objc-arc"; }; };
		AAAC1AB213BE3E0500FB13A2 /* HTArrayController.m in Sources */ = {isa = PBXBuildFile; fileRef = AAAC1AB113BE3E0500FB13A2 /* HTArrayController.m */; settings = {COMPILER_FLAGS = "-fno-objc-arc"; }; };
		AACAD26D13E126D700170193 /* HTWebKit2Adapter.m in Sources */ = {isa = PBXBuildFile; fileRef = AACAD26C13E126D700170193 /* HTWebKit2Adapter.m */; settings = {COMPILER_FLAGS = "-fno-objc-arc"; }; };
		AACAD26F13E15BF100170193 /* STPrefSearch.png in Resources */ = {isa = PBXBuildFile; fileRef = AACAD26E13E15BF000170193 /* STPrefSearch.png */; };
		AAD79B4E13E29DF2004CE895 /* STQuickSearch+SearchItLater.m in Sources */ = {isa = PBXBuildFile; fileRef = AAD79B4D13E29DF2004CE895 /* STQuickSearch+SearchItLater.m */; settings = {COMPILER_FLAGS = "-fno-objc-arc"; }; };
		AAD79B5213E2BC09004CE895 /* STSearchItLaterWinCtl.xib in Resources */ = {isa = PBXBuildFile; fileRef = AAD79B5113E2BC09004CE895 /* STSearchItLaterWinCtl.xib */; };
		AAD79B5513E2BC2E004CE895 /* STSearchItLaterWinCtl.m in Sources */ = {isa = PBXBuildFile; fileRef = AAD79B5413E2BC2E004CE895 /* STSearchItLaterWinCtl.m */; settings = {COMPILER_FLAGS = "-fno-objc-arc"; }; };
		AAD79B5B13E2D2ED004CE895 /* CoreFoundation.framework in Frameworks */ = {isa = PBXBuildFile; fileRef = AAD79B5A13E2D2ED004CE895 /* CoreFoundation.framework */; };
		AADBCB5015C119070069E262 /* ApplicationServices.framework in Frameworks */ = {isa = PBXBuildFile; fileRef = AADBCB4F15C119070069E262 /* ApplicationServices.framework */; };
		AAF8702613E55E4E00AC67A1 /* STSDownloadModule.m in Sources */ = {isa = PBXBuildFile; fileRef = AAF8702513E55E4E00AC67A1 /* STSDownloadModule.m */; settings = {COMPILER_FLAGS = "-fno-objc-arc"; }; };
		AAF9D293147E1E210018C949 /* HTDOMElementHierarchyMenuItem.m in Sources */ = {isa = PBXBuildFile; fileRef = AAF9D28D147E1E210018C949 /* HTDOMElementHierarchyMenuItem.m */; settings = {COMPILER_FLAGS = "-fno-objc-arc"; }; };
		AAF9D294147E1E210018C949 /* HTFilePresetPopUpButton.m in Sources */ = {isa = PBXBuildFile; fileRef = AAF9D28F147E1E210018C949 /* HTFilePresetPopUpButton.m */; settings = {COMPILER_FLAGS = "-fno-objc-arc"; }; };
		AAF9D295147E1E210018C949 /* HTWebClipWin.nib in Resources */ = {isa = PBXBuildFile; fileRef = AAF9D290147E1E210018C949 /* HTWebClipWin.nib */; };
		AAF9D296147E1E210018C949 /* HTWebClipwinCtl.m in Sources */ = {isa = PBXBuildFile; fileRef = AAF9D292147E1E210018C949 /* HTWebClipwinCtl.m */; settings = {COMPILER_FLAGS = "-fno-objc-arc"; }; };
		AAF9D29E147E23310018C949 /* clip_edit.tiff in Resources */ = {isa = PBXBuildFile; fileRef = AAF9D298147E23310018C949 /* clip_edit.tiff */; };
		AAF9D29F147E23310018C949 /* clip_header.html in Resources */ = {isa = PBXBuildFile; fileRef = AAF9D299147E23310018C949 /* clip_header.html */; };
		AAF9D2A0147E23310018C949 /* clip_header.tiff in Resources */ = {isa = PBXBuildFile; fileRef = AAF9D29A147E23310018C949 /* clip_header.tiff */; };
		AAF9D2A1147E23310018C949 /* clip_memo.html in Resources */ = {isa = PBXBuildFile; fileRef = AAF9D29B147E23310018C949 /* clip_memo.html */; };
		AAF9D2A2147E23310018C949 /* clip_memo.tiff in Resources */ = {isa = PBXBuildFile; fileRef = AAF9D29C147E23310018C949 /* clip_memo.tiff */; };
		AAF9D2A3147E23310018C949 /* clip_savec.tiff in Resources */ = {isa = PBXBuildFile; fileRef = AAF9D29D147E23310018C949 /* clip_savec.tiff */; };
/* End PBXBuildFile section */

/* Begin PBXFileReference section */
		AA0357C313F3CCCC003D50F3 /* libcrypto.dylib */ = {isa = PBXFileReference; lastKnownFileType = "compiled.mach-o.dylib"; name = libcrypto.dylib; path = usr/lib/libcrypto.dylib; sourceTree = SDKROOT; };
		AA0357CD13F41F0E003D50F3 /* Quartz.framework */ = {isa = PBXFileReference; lastKnownFileType = wrapper.framework; name = Quartz.framework; path = System/Library/Frameworks/Quartz.framework; sourceTree = SDKROOT; };
		AA04F84E13B8867700A8C548 /* STCSimblLorder.m */ = {isa = PBXFileReference; fileEncoding = 4; lastKnownFileType = sourcecode.c.objc; path = STCSimblLorder.m; sourceTree = "<group>"; };
		AA04F84F13B8867700A8C548 /* STCSimblLorder.h */ = {isa = PBXFileReference; fileEncoding = 4; lastKnownFileType = sourcecode.c.h; path = STCSimblLorder.h; sourceTree = "<group>"; };
		AA04F85113B88BF800A8C548 /* STSafariConnect.h */ = {isa = PBXFileReference; fileEncoding = 4; lastKnownFileType = sourcecode.c.h; path = STSafariConnect.h; sourceTree = "<group>"; };
		AA04F85213B88BF800A8C548 /* STSafariConnect.m */ = {isa = PBXFileReference; fileEncoding = 4; lastKnownFileType = sourcecode.c.objc; path = STSafariConnect.m; sourceTree = "<group>"; };
		AA0881AB13E4284B003B70DF /* en */ = {isa = PBXFileReference; fileEncoding = 10; lastKnownFileType = text.plist.strings; name = en; path = en.lproj/Localizable.strings; sourceTree = "<group>"; };
		AA0881AD13E4289A003B70DF /* ja */ = {isa = PBXFileReference; fileEncoding = 10; lastKnownFileType = text.plist.strings; name = ja; path = ja.lproj/Localizable.strings; sourceTree = "<group>"; };
		AA0881AE13E51286003B70DF /* STSTitleBarModule.h */ = {isa = PBXFileReference; fileEncoding = 4; lastKnownFileType = sourcecode.c.h; path = STSTitleBarModule.h; sourceTree = "<group>"; };
		AA0881AF13E51287003B70DF /* STSTitleBarModule.m */ = {isa = PBXFileReference; fileEncoding = 4; lastKnownFileType = sourcecode.c.objc; path = STSTitleBarModule.m; sourceTree = "<group>"; };
		AA09B1F013DE866000389D8B /* STKeyHandler.h */ = {isa = PBXFileReference; fileEncoding = 4; lastKnownFileType = sourcecode.c.h; path = STKeyHandler.h; sourceTree = "<group>"; };
		AA09B1F113DE866100389D8B /* STKeyHandler.m */ = {isa = PBXFileReference; fileEncoding = 4; lastKnownFileType = sourcecode.c.objc; path = STKeyHandler.m; sourceTree = "<group>"; };
		AA0B390115C28CEA00A025FF /* quicksearch_defaults.plist */ = {isa = PBXFileReference; lastKnownFileType = file.bplist; path = quicksearch_defaults.plist; sourceTree = "<group>"; };
		AA0B390315C503EB00A025FF /* STActionMenuModule.h */ = {isa = PBXFileReference; fileEncoding = 4; lastKnownFileType = sourcecode.c.h; path = STActionMenuModule.h; sourceTree = "<group>"; };
		AA0B390415C503EB00A025FF /* STActionMenuModule.m */ = {isa = PBXFileReference; fileEncoding = 4; lastKnownFileType = sourcecode.c.objc; path = STActionMenuModule.m; sourceTree = "<group>"; };
		AA0B390615C5044F00A025FF /* STTBActionMenu.tiff */ = {isa = PBXFileReference; lastKnownFileType = image.tiff; path = STTBActionMenu.tiff; sourceTree = "<group>"; };
		AA0B390B15C54ED000A025FF /* STTBActionMenuDisabled.tiff */ = {isa = PBXFileReference; lastKnownFileType = image.tiff; path = STTBActionMenuDisabled.tiff; sourceTree = "<group>"; };
		AA12DA7A13B73EFA0082EBB3 /* SafariStand.bundle */ = {isa = PBXFileReference; explicitFileType = wrapper.cfbundle; includeInIndex = 0; path = SafariStand.bundle; sourceTree = BUILT_PRODUCTS_DIR; };
		AA12DA7D13B73EFA0082EBB3 /* Cocoa.framework */ = {isa = PBXFileReference; lastKnownFileType = wrapper.framework; name = Cocoa.framework; path = System/Library/Frameworks/Cocoa.framework; sourceTree = SDKROOT; };
		AA12DA8013B73EFA0082EBB3 /* AppKit.framework */ = {isa = PBXFileReference; lastKnownFileType = wrapper.framework; name = AppKit.framework; path = System/Library/Frameworks/AppKit.framework; sourceTree = SDKROOT; };
		AA12DA8213B73EFA0082EBB3 /* Foundation.framework */ = {isa = PBXFileReference; lastKnownFileType = wrapper.framework; name = Foundation.framework; path = System/Library/Frameworks/Foundation.framework; sourceTree = SDKROOT; };
		AA12DA8513B73EFA0082EBB3 /* SafariStand-Info.plist */ = {isa = PBXFileReference; lastKnownFileType = text.plist.xml; path = "SafariStand-Info.plist"; sourceTree = "<group>"; };
		AA12DA8713B73EFA0082EBB3 /* en */ = {isa = PBXFileReference; lastKnownFileType = text.plist.strings; name = en; path = en.lproj/InfoPlist.strings; sourceTree = "<group>"; };
		AA12DA8913B73EFA0082EBB3 /* SafariStand-Prefix.pch */ = {isa = PBXFileReference; lastKnownFileType = sourcecode.c.h; path = "SafariStand-Prefix.pch"; sourceTree = "<group>"; };
		AA171B73168E05C0007A4661 /* STQuickSearch+QSToolbar.m */ = {isa = PBXFileReference; fileEncoding = 4; lastKnownFileType = sourcecode.c.objc; path = "STQuickSearch+QSToolbar.m"; sourceTree = "<group>"; };
		AA171B771690A4A7007A4661 /* STQSToolbarBaseView.h */ = {isa = PBXFileReference; fileEncoding = 4; lastKnownFileType = sourcecode.c.h; path = STQSToolbarBaseView.h; sourceTree = "<group>"; };
		AA171B781690A4A7007A4661 /* STQSToolbarBaseView.m */ = {isa = PBXFileReference; fileEncoding = 4; lastKnownFileType = sourcecode.c.objc; path = STQSToolbarBaseView.m; sourceTree = "<group>"; };
		AA171B7D1690A54D007A4661 /* STQSToolbarSearchView.h */ = {isa = PBXFileReference; fileEncoding = 4; lastKnownFileType = sourcecode.c.h; path = STQSToolbarSearchView.h; sourceTree = "<group>"; };
		AA171B7E1690A54E007A4661 /* STQSToolbarSearchView.m */ = {isa = PBXFileReference; fileEncoding = 4; lastKnownFileType = sourcecode.c.objc; path = STQSToolbarSearchView.m; sourceTree = "<group>"; };
		AA396EFC13F61B1E00EF5806 /* STStandSearchViewCtl.h */ = {isa = PBXFileReference; fileEncoding = 4; lastKnownFileType = sourcecode.c.h; path = STStandSearchViewCtl.h; sourceTree = "<group>"; };
		AA396EFD13F61B1E00EF5806 /* STStandSearchViewCtl.m */ = {isa = PBXFileReference; fileEncoding = 4; lastKnownFileType = sourcecode.c.objc; path = STStandSearchViewCtl.m; sourceTree = "<group>"; };
		AA396EFE13F61B1E00EF5806 /* STStandSearchViewCtl.xib */ = {isa = PBXFileReference; fileEncoding = 4; lastKnownFileType = file.xib; path = STStandSearchViewCtl.xib; sourceTree = "<group>"; };
		AA396F0113F61ED800EF5806 /* STMetadataQueryCtl.h */ = {isa = PBXFileReference; fileEncoding = 4; lastKnownFileType = sourcecode.c.h; path = STMetadataQueryCtl.h; sourceTree = "<group>"; };
		AA396F0213F61ED800EF5806 /* STMetadataQueryCtl.m */ = {isa = PBXFileReference; fileEncoding = 4; lastKnownFileType = sourcecode.c.objc; path = STMetadataQueryCtl.m; sourceTree = "<group>"; };
		AA396F0413F638C100EF5806 /* STStandSearchWinCtl.h */ = {isa = PBXFileReference; fileEncoding = 4; lastKnownFileType = sourcecode.c.h; path = STStandSearchWinCtl.h; sourceTree = "<group>"; };
		AA396F0513F638C100EF5806 /* STStandSearchWinCtl.m */ = {isa = PBXFileReference; fileEncoding = 4; lastKnownFileType = sourcecode.c.objc; path = STStandSearchWinCtl.m; sourceTree = "<group>"; };
		AA396F0713F639A100EF5806 /* STStandSearchWinCtl.xib */ = {isa = PBXFileReference; fileEncoding = 4; lastKnownFileType = file.xib; path = STStandSearchWinCtl.xib; sourceTree = "<group>"; };
		AA47D5D413B9797B00C9A19E /* SafariStand.h */ = {isa = PBXFileReference; fileEncoding = 4; lastKnownFileType = sourcecode.c.h; path = SafariStand.h; sourceTree = "<group>"; };
		AA47D5D613B97CC800C9A19E /* STCSafariStandCore.h */ = {isa = PBXFileReference; fileEncoding = 4; lastKnownFileType = sourcecode.c.h; path = STCSafariStandCore.h; sourceTree = "<group>"; };
		AA47D5D713B97CC800C9A19E /* STCSafariStandCore.m */ = {isa = PBXFileReference; fileEncoding = 4; lastKnownFileType = sourcecode.c.objc; path = STCSafariStandCore.m; sourceTree = "<group>"; };
		AA47D5D913B9AC3000C9A19E /* STCModule.h */ = {isa = PBXFileReference; fileEncoding = 4; lastKnownFileType = sourcecode.c.h; path = STCModule.h; sourceTree = "<group>"; };
		AA47D5DA13B9AC3100C9A19E /* STCModule.m */ = {isa = PBXFileReference; fileEncoding = 4; lastKnownFileType = sourcecode.c.objc; path = STCModule.m; sourceTree = "<group>"; };
		AA47D5DD13B9AE3A00C9A19E /* STBookmarkSeparator.h */ = {isa = PBXFileReference; fileEncoding = 4; lastKnownFileType = sourcecode.c.h; path = STBookmarkSeparator.h; sourceTree = "<group>"; };
		AA47D5DE13B9AE3A00C9A19E /* STBookmarkSeparator.m */ = {isa = PBXFileReference; fileEncoding = 4; lastKnownFileType = sourcecode.c.objc; path = STBookmarkSeparator.m; sourceTree = "<group>"; };
		AA47D5E013B9AFD400C9A19E /* HTObjectHook.h */ = {isa = PBXFileReference; fileEncoding = 4; lastKnownFileType = sourcecode.c.h; path = HTObjectHook.h; sourceTree = "<group>"; };
		AA47D5E113B9AFD400C9A19E /* HTObjectHook.m */ = {isa = PBXFileReference; fileEncoding = 4; lastKnownFileType = sourcecode.c.objc; path = HTObjectHook.m; sourceTree = "<group>"; };
		AA47D5EA13B9B42800C9A19E /* NSObject+HTAssociatedObject.m */ = {isa = PBXFileReference; fileEncoding = 4; lastKnownFileType = sourcecode.c.objc; path = "NSObject+HTAssociatedObject.m"; sourceTree = "<group>"; };
		AA47D5EB13B9B42800C9A19E /* NSObject+HTAssociatedObject.h */ = {isa = PBXFileReference; fileEncoding = 4; lastKnownFileType = sourcecode.c.h; path = "NSObject+HTAssociatedObject.h"; sourceTree = "<group>"; };
		AA5B3AA813BC5782001453C0 /* WebKit.framework */ = {isa = PBXFileReference; lastKnownFileType = wrapper.framework; name = WebKit.framework; path = System/Library/Frameworks/WebKit.framework; sourceTree = SDKROOT; };
		AA5B3AAA13BC7667001453C0 /* STSContextMenuModule.h */ = {isa = PBXFileReference; fileEncoding = 4; lastKnownFileType = sourcecode.c.h; path = STSContextMenuModule.h; sourceTree = "<group>"; };
		AA5B3AAB13BC7667001453C0 /* STSContextMenuModule.m */ = {isa = PBXFileReference; fileEncoding = 4; lastKnownFileType = sourcecode.c.objc; path = STSContextMenuModule.m; sourceTree = "<group>"; };
		AA6FCF3B15D3EA3A008AE5AB /* SquashContextMenuSheetCtl.h */ = {isa = PBXFileReference; fileEncoding = 4; lastKnownFileType = sourcecode.c.h; path = SquashContextMenuSheetCtl.h; sourceTree = "<group>"; };
		AA6FCF3C15D3EA3A008AE5AB /* SquashContextMenuSheetCtl.m */ = {isa = PBXFileReference; fileEncoding = 4; lastKnownFileType = sourcecode.c.objc; path = SquashContextMenuSheetCtl.m; sourceTree = "<group>"; };
		AA6FCF3D15D3EA3A008AE5AB /* SquashContextMenuSheetCtl.xib */ = {isa = PBXFileReference; fileEncoding = 4; lastKnownFileType = file.xib; path = SquashContextMenuSheetCtl.xib; sourceTree = "<group>"; };
		AA6FCF4315D3F271008AE5AB /* en */ = {isa = PBXFileReference; lastKnownFileType = text.plist.xml; name = en; path = en.lproj/SquashContextMenuItems.plist; sourceTree = "<group>"; };
		AA6FCF4515D3F287008AE5AB /* ja */ = {isa = PBXFileReference; lastKnownFileType = text.plist.xml; name = ja; path = ja.lproj/SquashContextMenuItems.plist; sourceTree = "<group>"; };
		AA718A9B13B9D8DA00327606 /* STActionMessage.h */ = {isa = PBXFileReference; fileEncoding = 4; lastKnownFileType = sourcecode.c.h; path = STActionMessage.h; sourceTree = "<group>"; };
		AA718A9C13B9D8DA00327606 /* STActionMessage.m */ = {isa = PBXFileReference; fileEncoding = 4; lastKnownFileType = sourcecode.c.objc; path = STActionMessage.m; sourceTree = "<group>"; };
		AA718A9E13B9DF0000327606 /* SafariStandKeys.h */ = {isa = PBXFileReference; fileEncoding = 4; lastKnownFileType = sourcecode.c.h; path = SafariStandKeys.h; sourceTree = "<group>"; };
		AA718A9F13B9F47200327606 /* STCTabWithToolbarWinCtl.h */ = {isa = PBXFileReference; fileEncoding = 4; lastKnownFileType = sourcecode.c.h; path = STCTabWithToolbarWinCtl.h; sourceTree = "<group>"; };
		AA718AA013B9F47200327606 /* STCTabWithToolbarWinCtl.m */ = {isa = PBXFileReference; fileEncoding = 4; lastKnownFileType = sourcecode.c.objc; path = STCTabWithToolbarWinCtl.m; sourceTree = "<group>"; };
		AA718AA413BA00DE00327606 /* STPrefWindowModule.h */ = {isa = PBXFileReference; fileEncoding = 4; lastKnownFileType = sourcecode.c.h; path = STPrefWindowModule.h; sourceTree = "<group>"; };
		AA718AA513BA00DE00327606 /* STPrefWindowModule.m */ = {isa = PBXFileReference; fileEncoding = 4; lastKnownFileType = sourcecode.c.objc; path = STPrefWindowModule.m; sourceTree = "<group>"; };
		AA718AA713BAD39D00327606 /* STPrefGeneral.tiff */ = {isa = PBXFileReference; lastKnownFileType = image.tiff; path = STPrefGeneral.tiff; sourceTree = "<group>"; };
		AA718AB613BB46CA00327606 /* STCSafariStandCore+Toolbar.m */ = {isa = PBXFileReference; fileEncoding = 4; lastKnownFileType = sourcecode.c.objc; path = "STCSafariStandCore+Toolbar.m"; sourceTree = "<group>"; };
		AA718AB813BB524C00327606 /* STSToolbarModule.h */ = {isa = PBXFileReference; fileEncoding = 4; lastKnownFileType = sourcecode.c.h; path = STSToolbarModule.h; sourceTree = "<group>"; };
		AA718AB913BB524C00327606 /* STSToolbarModule.m */ = {isa = PBXFileReference; fileEncoding = 4; lastKnownFileType = sourcecode.c.objc; path = STSToolbarModule.m; sourceTree = "<group>"; };
		AA775EF113DA7470001B0461 /* STSTabBarModule.h */ = {isa = PBXFileReference; fileEncoding = 4; lastKnownFileType = sourcecode.c.h; path = STSTabBarModule.h; sourceTree = "<group>"; };
		AA775EF213DA7470001B0461 /* STSTabBarModule.m */ = {isa = PBXFileReference; fileEncoding = 4; lastKnownFileType = sourcecode.c.objc; path = STSTabBarModule.m; sourceTree = "<group>"; };
		AA775EF513DA9603001B0461 /* NSString+HTUtil.h */ = {isa = PBXFileReference; fileEncoding = 4; lastKnownFileType = sourcecode.c.h; path = "NSString+HTUtil.h"; sourceTree = "<group>"; };
		AA775EF613DA9603001B0461 /* NSString+HTUtil.m */ = {isa = PBXFileReference; fileEncoding = 4; lastKnownFileType = sourcecode.c.objc; path = "NSString+HTUtil.m"; sourceTree = "<group>"; };
		AA775EF813DB9182001B0461 /* STQuickSearch+CompletionCtl.h */ = {isa = PBXFileReference; fileEncoding = 4; lastKnownFileType = sourcecode.c.h; path = "STQuickSearch+CompletionCtl.h"; sourceTree = "<group>"; };
		AA775EF913DB9182001B0461 /* STQuickSearch+CompletionCtl.m */ = {isa = PBXFileReference; fileEncoding = 4; lastKnownFileType = sourcecode.c.objc; path = "STQuickSearch+CompletionCtl.m"; sourceTree = "<group>"; };
		AA780DA013F1A88C0042A253 /* STClassifyDownloadAdvSheetCtl.h */ = {isa = PBXFileReference; fileEncoding = 4; lastKnownFileType = sourcecode.c.h; path = STClassifyDownloadAdvSheetCtl.h; sourceTree = "<group>"; };
		AA780DA113F1A88C0042A253 /* STClassifyDownloadAdvSheetCtl.m */ = {isa = PBXFileReference; fileEncoding = 4; lastKnownFileType = sourcecode.c.objc; path = STClassifyDownloadAdvSheetCtl.m; sourceTree = "<group>"; };
		AA780DA513F1C0F40042A253 /* STClassifyDownloadAdvSheet.xib */ = {isa = PBXFileReference; fileEncoding = 4; lastKnownFileType = file.xib; path = STClassifyDownloadAdvSheet.xib; sourceTree = "<group>"; };
		AA780DA713F1C5DF0042A253 /* HTUtils.h */ = {isa = PBXFileReference; fileEncoding = 4; lastKnownFileType = sourcecode.c.h; path = HTUtils.h; sourceTree = "<group>"; };
		AA780DA813F1C5DF0042A253 /* HTUtils.m */ = {isa = PBXFileReference; fileEncoding = 4; lastKnownFileType = sourcecode.c.objc; path = HTUtils.m; sourceTree = "<group>"; };
		AA92216D13C04DB1006E898F /* HTQuerySeedEditViewCtl.xib */ = {isa = PBXFileReference; lastKnownFileType = file.xib; path = HTQuerySeedEditViewCtl.xib; sourceTree = "<group>"; };
		AA92216F13C04DE6006E898F /* STCPrefWin.xib */ = {isa = PBXFileReference; lastKnownFileType = file.xib; path = STCPrefWin.xib; sourceTree = "<group>"; };
		AA934E8913BF18650019D191 /* NSApplication+SafariStand.h */ = {isa = PBXFileReference; fileEncoding = 4; lastKnownFileType = sourcecode.c.h; path = "NSApplication+SafariStand.h"; sourceTree = "<group>"; };
		AA934E8A13BF18650019D191 /* NSApplication+SafariStand.m */ = {isa = PBXFileReference; fileEncoding = 4; lastKnownFileType = sourcecode.c.objc; path = "NSApplication+SafariStand.m"; sourceTree = "<group>"; };
		AA9F781913F91D8C0016874A /* WebKit2.framework */ = {isa = PBXFileReference; lastKnownFileType = wrapper.framework; name = WebKit2.framework; path = System/Library/PrivateFrameworks/WebKit2.framework; sourceTree = SDKROOT; };
		AAAC1AA413BE14AF00FB13A2 /* HTQuerySeedEditViewCtl.h */ = {isa = PBXFileReference; fileEncoding = 4; lastKnownFileType = sourcecode.c.h; path = HTQuerySeedEditViewCtl.h; sourceTree = "<group>"; };
		AAAC1AA513BE14AF00FB13A2 /* HTQuerySeedEditViewCtl.m */ = {isa = PBXFileReference; fileEncoding = 4; lastKnownFileType = sourcecode.c.objc; path = HTQuerySeedEditViewCtl.m; sourceTree = "<group>"; };
		AAAC1AAA13BE163700FB13A2 /* STQuickSearch.h */ = {isa = PBXFileReference; fileEncoding = 4; lastKnownFileType = sourcecode.c.h; path = STQuickSearch.h; sourceTree = "<group>"; };
		AAAC1AAB13BE163700FB13A2 /* STQuickSearch.m */ = {isa = PBXFileReference; fileEncoding = 4; lastKnownFileType = sourcecode.c.objc; path = STQuickSearch.m; sourceTree = "<group>"; };
		AAAC1AAD13BE2BEA00FB13A2 /* HTQuerySeed.h */ = {isa = PBXFileReference; fileEncoding = 4; lastKnownFileType = sourcecode.c.h; path = HTQuerySeed.h; sourceTree = "<group>"; };
		AAAC1AAE13BE2BEA00FB13A2 /* HTQuerySeed.m */ = {isa = PBXFileReference; fileEncoding = 4; lastKnownFileType = sourcecode.c.objc; path = HTQuerySeed.m; sourceTree = "<group>"; };
		AAAC1AB013BE3E0500FB13A2 /* HTArrayController.h */ = {isa = PBXFileReference; fileEncoding = 4; lastKnownFileType = sourcecode.c.h; path = HTArrayController.h; sourceTree = "<group>"; };
		AAAC1AB113BE3E0500FB13A2 /* HTArrayController.m */ = {isa = PBXFileReference; fileEncoding = 4; lastKnownFileType = sourcecode.c.objc; path = HTArrayController.m; sourceTree = "<group>"; };
		AACAD26B13E126D700170193 /* HTWebKit2Adapter.h */ = {isa = PBXFileReference; fileEncoding = 4; lastKnownFileType = sourcecode.c.h; path = HTWebKit2Adapter.h; sourceTree = "<group>"; };
		AACAD26C13E126D700170193 /* HTWebKit2Adapter.m */ = {isa = PBXFileReference; fileEncoding = 4; lastKnownFileType = sourcecode.c.objc; path = HTWebKit2Adapter.m; sourceTree = "<group>"; };
		AACAD26E13E15BF000170193 /* STPrefSearch.png */ = {isa = PBXFileReference; lastKnownFileType = image.png; path = STPrefSearch.png; sourceTree = "<group>"; };
		AAD79B4D13E29DF2004CE895 /* STQuickSearch+SearchItLater.m */ = {isa = PBXFileReference; fileEncoding = 4; lastKnownFileType = sourcecode.c.objc; path = "STQuickSearch+SearchItLater.m"; sourceTree = "<group>"; };
		AAD79B5113E2BC09004CE895 /* STSearchItLaterWinCtl.xib */ = {isa = PBXFileReference; fileEncoding = 4; lastKnownFileType = file.xib; path = STSearchItLaterWinCtl.xib; sourceTree = "<group>"; };
		AAD79B5313E2BC2E004CE895 /* STSearchItLaterWinCtl.h */ = {isa = PBXFileReference; fileEncoding = 4; lastKnownFileType = sourcecode.c.h; path = STSearchItLaterWinCtl.h; sourceTree = "<group>"; };
		AAD79B5413E2BC2E004CE895 /* STSearchItLaterWinCtl.m */ = {isa = PBXFileReference; fileEncoding = 4; lastKnownFileType = sourcecode.c.objc; path = STSearchItLaterWinCtl.m; sourceTree = "<group>"; };
		AAD79B5A13E2D2ED004CE895 /* CoreFoundation.framework */ = {isa = PBXFileReference; lastKnownFileType = wrapper.framework; name = CoreFoundation.framework; path = System/Library/Frameworks/CoreFoundation.framework; sourceTree = SDKROOT; };
		AADBCB4F15C119070069E262 /* ApplicationServices.framework */ = {isa = PBXFileReference; lastKnownFileType = wrapper.framework; name = ApplicationServices.framework; path = System/Library/Frameworks/ApplicationServices.framework; sourceTree = SDKROOT; };
		AAF8702413E55E4E00AC67A1 /* STSDownloadModule.h */ = {isa = PBXFileReference; fileEncoding = 4; lastKnownFileType = sourcecode.c.h; path = STSDownloadModule.h; sourceTree = "<group>"; };
		AAF8702513E55E4E00AC67A1 /* STSDownloadModule.m */ = {isa = PBXFileReference; fileEncoding = 4; lastKnownFileType = sourcecode.c.objc; path = STSDownloadModule.m; sourceTree = "<group>"; };
		AAF9D28C147E1E210018C949 /* HTDOMElementHierarchyMenuItem.h */ = {isa = PBXFileReference; fileEncoding = 4; lastKnownFileType = sourcecode.c.h; path = HTDOMElementHierarchyMenuItem.h; sourceTree = "<group>"; };
		AAF9D28D147E1E210018C949 /* HTDOMElementHierarchyMenuItem.m */ = {isa = PBXFileReference; fileEncoding = 4; lastKnownFileType = sourcecode.c.objc; path = HTDOMElementHierarchyMenuItem.m; sourceTree = "<group>"; };
		AAF9D28E147E1E210018C949 /* HTFilePresetPopUpButton.h */ = {isa = PBXFileReference; fileEncoding = 4; lastKnownFileType = sourcecode.c.h; path = HTFilePresetPopUpButton.h; sourceTree = "<group>"; };
		AAF9D28F147E1E210018C949 /* HTFilePresetPopUpButton.m */ = {isa = PBXFileReference; fileEncoding = 4; lastKnownFileType = sourcecode.c.objc; path = HTFilePresetPopUpButton.m; sourceTree = "<group>"; };
		AAF9D290147E1E210018C949 /* HTWebClipWin.nib */ = {isa = PBXFileReference; lastKnownFileType = wrapper.nib; path = HTWebClipWin.nib; sourceTree = "<group>"; };
		AAF9D291147E1E210018C949 /* HTWebClipwinCtl.h */ = {isa = PBXFileReference; fileEncoding = 4; lastKnownFileType = sourcecode.c.h; path = HTWebClipwinCtl.h; sourceTree = "<group>"; };
		AAF9D292147E1E210018C949 /* HTWebClipwinCtl.m */ = {isa = PBXFileReference; fileEncoding = 4; lastKnownFileType = sourcecode.c.objc; path = HTWebClipwinCtl.m; sourceTree = "<group>"; };
		AAF9D298147E23310018C949 /* clip_edit.tiff */ = {isa = PBXFileReference; lastKnownFileType = image.tiff; path = clip_edit.tiff; sourceTree = "<group>"; };
		AAF9D299147E23310018C949 /* clip_header.html */ = {isa = PBXFileReference; fileEncoding = 4; lastKnownFileType = text.html; path = clip_header.html; sourceTree = "<group>"; };
		AAF9D29A147E23310018C949 /* clip_header.tiff */ = {isa = PBXFileReference; lastKnownFileType = image.tiff; path = clip_header.tiff; sourceTree = "<group>"; };
		AAF9D29B147E23310018C949 /* clip_memo.html */ = {isa = PBXFileReference; fileEncoding = 4; lastKnownFileType = text.html; path = clip_memo.html; sourceTree = "<group>"; };
		AAF9D29C147E23310018C949 /* clip_memo.tiff */ = {isa = PBXFileReference; lastKnownFileType = image.tiff; path = clip_memo.tiff; sourceTree = "<group>"; };
		AAF9D29D147E23310018C949 /* clip_savec.tiff */ = {isa = PBXFileReference; lastKnownFileType = image.tiff; path = clip_savec.tiff; sourceTree = "<group>"; };
/* End PBXFileReference section */

/* Begin PBXFrameworksBuildPhase section */
		AA12DA7713B73EFA0082EBB3 /* Frameworks */ = {
			isa = PBXFrameworksBuildPhase;
			buildActionMask = 2147483647;
			files = (
				AADBCB5015C119070069E262 /* ApplicationServices.framework in Frameworks */,
				AA0357CE13F41F0E003D50F3 /* Quartz.framework in Frameworks */,
				AA0357C413F3CCCC003D50F3 /* libcrypto.dylib in Frameworks */,
				AAD79B5B13E2D2ED004CE895 /* CoreFoundation.framework in Frameworks */,
				AA12DA7E13B73EFA0082EBB3 /* Cocoa.framework in Frameworks */,
				AA5B3AA913BC5782001453C0 /* WebKit.framework in Frameworks */,
				AA9F781A13F91D8C0016874A /* WebKit2.framework in Frameworks */,
			);
			runOnlyForDeploymentPostprocessing = 0;
		};
/* End PBXFrameworksBuildPhase section */

/* Begin PBXGroup section */
		AA04F84313B87F2D00A8C548 /* safari */ = {
			isa = PBXGroup;
			children = (
				AA04F85113B88BF800A8C548 /* STSafariConnect.h */,
				AA04F85213B88BF800A8C548 /* STSafariConnect.m */,
			);
			path = safari;
			sourceTree = "<group>";
		};
		AA12DA6F13B73EFA0082EBB3 = {
			isa = PBXGroup;
			children = (
				AA12DA8313B73EFA0082EBB3 /* SafariStand */,
				AAAC1AA213BE14AE00FB13A2 /* HTQuerySeed */,
				AA12DA7C13B73EFA0082EBB3 /* Frameworks */,
				AA12DA7B13B73EFA0082EBB3 /* Products */,
			);
			sourceTree = "<group>";
		};
		AA12DA7B13B73EFA0082EBB3 /* Products */ = {
			isa = PBXGroup;
			children = (
				AA12DA7A13B73EFA0082EBB3 /* SafariStand.bundle */,
			);
			name = Products;
			sourceTree = "<group>";
		};
		AA12DA7C13B73EFA0082EBB3 /* Frameworks */ = {
			isa = PBXGroup;
			children = (
				AADBCB4F15C119070069E262 /* ApplicationServices.framework */,
				AA0357CD13F41F0E003D50F3 /* Quartz.framework */,
				AA0357C313F3CCCC003D50F3 /* libcrypto.dylib */,
				AAD79B5A13E2D2ED004CE895 /* CoreFoundation.framework */,
				AA9F781913F91D8C0016874A /* WebKit2.framework */,
				AA12DA7D13B73EFA0082EBB3 /* Cocoa.framework */,
				AA12DA7F13B73EFA0082EBB3 /* Other Frameworks */,
			);
			name = Frameworks;
			sourceTree = "<group>";
		};
		AA12DA7F13B73EFA0082EBB3 /* Other Frameworks */ = {
			isa = PBXGroup;
			children = (
				AA5B3AA813BC5782001453C0 /* WebKit.framework */,
				AA12DA8013B73EFA0082EBB3 /* AppKit.framework */,
				AA12DA8213B73EFA0082EBB3 /* Foundation.framework */,
			);
			name = "Other Frameworks";
			sourceTree = "<group>";
		};
		AA12DA8313B73EFA0082EBB3 /* SafariStand */ = {
			isa = PBXGroup;
			children = (
				AA12DA9213B74A440082EBB3 /* core */,
				AA04F84313B87F2D00A8C548 /* safari */,
				AA47D5DC13B9ADE200C9A19E /* modules */,
				AA47D5E613B9B3D900C9A19E /* util */,
				AA12DA8413B73EFA0082EBB3 /* Supporting Files */,
				AA12DA9513B74B440082EBB3 /* Resources */,
				AA396EFA13F619DB00EF5806 /* StandSearch */,
				AA780D9E13F1A84A0042A253 /* ClassifyDownloadFolder */,
				AA6FCF3415D3E953008AE5AB /* SquashContextMenu */,
				AAD79B5013E2BBDC004CE895 /* SearchItLater */,
				AA171B761690A488007A4661 /* QSToolbar */,
				AAF9D28B147E1E210018C949 /* ClipWebArchive */,
			);
			path = SafariStand;
			sourceTree = "<group>";
		};
		AA12DA8413B73EFA0082EBB3 /* Supporting Files */ = {
			isa = PBXGroup;
			children = (
				AA12DA8513B73EFA0082EBB3 /* SafariStand-Info.plist */,
				AA12DA8613B73EFA0082EBB3 /* InfoPlist.strings */,
				AA47D5D413B9797B00C9A19E /* SafariStand.h */,
				AA12DA8913B73EFA0082EBB3 /* SafariStand-Prefix.pch */,
				AA718A9E13B9DF0000327606 /* SafariStandKeys.h */,
			);
			name = "Supporting Files";
			sourceTree = "<group>";
		};
		AA12DA9213B74A440082EBB3 /* core */ = {
			isa = PBXGroup;
			children = (
				AA04F84F13B8867700A8C548 /* STCSimblLorder.h */,
				AA04F84E13B8867700A8C548 /* STCSimblLorder.m */,
				AA47D5D613B97CC800C9A19E /* STCSafariStandCore.h */,
				AA47D5D713B97CC800C9A19E /* STCSafariStandCore.m */,
				AA47D5D913B9AC3000C9A19E /* STCModule.h */,
				AA47D5DA13B9AC3100C9A19E /* STCModule.m */,
				AA47D5E013B9AFD400C9A19E /* HTObjectHook.h */,
				AA47D5E113B9AFD400C9A19E /* HTObjectHook.m */,
				AA718AB613BB46CA00327606 /* STCSafariStandCore+Toolbar.m */,
				AA718A9F13B9F47200327606 /* STCTabWithToolbarWinCtl.h */,
				AA718AA013B9F47200327606 /* STCTabWithToolbarWinCtl.m */,
				AA934E8913BF18650019D191 /* NSApplication+SafariStand.h */,
				AA934E8A13BF18650019D191 /* NSApplication+SafariStand.m */,
			);
			path = core;
			sourceTree = "<group>";
		};
		AA12DA9513B74B440082EBB3 /* Resources */ = {
			isa = PBXGroup;
			children = (
				AACAD26E13E15BF000170193 /* STPrefSearch.png */,
				AA718AA713BAD39D00327606 /* STPrefGeneral.tiff */,
				AA0B390615C5044F00A025FF /* STTBActionMenu.tiff */,
				AA0B390B15C54ED000A025FF /* STTBActionMenuDisabled.tiff */,
				AA92216F13C04DE6006E898F /* STCPrefWin.xib */,
				AA0881AC13E4284B003B70DF /* Localizable.strings */,
			);
			path = Resources;
			sourceTree = "<group>";
		};
		AA171B761690A488007A4661 /* QSToolbar */ = {
			isa = PBXGroup;
			children = (
				AA171B771690A4A7007A4661 /* STQSToolbarBaseView.h */,
				AA171B781690A4A7007A4661 /* STQSToolbarBaseView.m */,
				AA171B7D1690A54D007A4661 /* STQSToolbarSearchView.h */,
				AA171B7E1690A54E007A4661 /* STQSToolbarSearchView.m */,
			);
			path = QSToolbar;
			sourceTree = "<group>";
		};
		AA396EFA13F619DB00EF5806 /* StandSearch */ = {
			isa = PBXGroup;
			children = (
				AA396EFC13F61B1E00EF5806 /* STStandSearchViewCtl.h */,
				AA396EFD13F61B1E00EF5806 /* STStandSearchViewCtl.m */,
				AA396EFE13F61B1E00EF5806 /* STStandSearchViewCtl.xib */,
				AA396F0113F61ED800EF5806 /* STMetadataQueryCtl.h */,
				AA396F0213F61ED800EF5806 /* STMetadataQueryCtl.m */,
				AA396F0413F638C100EF5806 /* STStandSearchWinCtl.h */,
				AA396F0513F638C100EF5806 /* STStandSearchWinCtl.m */,
				AA396F0713F639A100EF5806 /* STStandSearchWinCtl.xib */,
			);
			path = StandSearch;
			sourceTree = "<group>";
		};
		AA47D5DC13B9ADE200C9A19E /* modules */ = {
			isa = PBXGroup;
			children = (
				AA47D5DD13B9AE3A00C9A19E /* STBookmarkSeparator.h */,
				AA47D5DE13B9AE3A00C9A19E /* STBookmarkSeparator.m */,
				AA718A9B13B9D8DA00327606 /* STActionMessage.h */,
				AA718A9C13B9D8DA00327606 /* STActionMessage.m */,
				AA718AA413BA00DE00327606 /* STPrefWindowModule.h */,
				AA718AA513BA00DE00327606 /* STPrefWindowModule.m */,
				AA718AB813BB524C00327606 /* STSToolbarModule.h */,
				AA718AB913BB524C00327606 /* STSToolbarModule.m */,
				AA5B3AAA13BC7667001453C0 /* STSContextMenuModule.h */,
				AA5B3AAB13BC7667001453C0 /* STSContextMenuModule.m */,
				AAAC1AAA13BE163700FB13A2 /* STQuickSearch.h */,
				AAAC1AAB13BE163700FB13A2 /* STQuickSearch.m */,
				AA171B73168E05C0007A4661 /* STQuickSearch+QSToolbar.m */,
				AAD79B4D13E29DF2004CE895 /* STQuickSearch+SearchItLater.m */,
				AA775EF813DB9182001B0461 /* STQuickSearch+CompletionCtl.h */,
				AA775EF913DB9182001B0461 /* STQuickSearch+CompletionCtl.m */,
				AA775EF113DA7470001B0461 /* STSTabBarModule.h */,
				AA775EF213DA7470001B0461 /* STSTabBarModule.m */,
				AA09B1F013DE866000389D8B /* STKeyHandler.h */,
				AA09B1F113DE866100389D8B /* STKeyHandler.m */,
				AA0881AE13E51286003B70DF /* STSTitleBarModule.h */,
				AA0881AF13E51287003B70DF /* STSTitleBarModule.m */,
				AAF8702413E55E4E00AC67A1 /* STSDownloadModule.h */,
				AAF8702513E55E4E00AC67A1 /* STSDownloadModule.m */,
				AA0B390315C503EB00A025FF /* STActionMenuModule.h */,
				AA0B390415C503EB00A025FF /* STActionMenuModule.m */,
			);
			path = modules;
			sourceTree = "<group>";
		};
		AA47D5E613B9B3D900C9A19E /* util */ = {
			isa = PBXGroup;
			children = (
				AAAC1AB013BE3E0500FB13A2 /* HTArrayController.h */,
				AAAC1AB113BE3E0500FB13A2 /* HTArrayController.m */,
				AA47D5EB13B9B42800C9A19E /* NSObject+HTAssociatedObject.h */,
				AA47D5EA13B9B42800C9A19E /* NSObject+HTAssociatedObject.m */,
				AA775EF513DA9603001B0461 /* NSString+HTUtil.h */,
				AA775EF613DA9603001B0461 /* NSString+HTUtil.m */,
				AACAD26B13E126D700170193 /* HTWebKit2Adapter.h */,
				AACAD26C13E126D700170193 /* HTWebKit2Adapter.m */,
				AA780DA713F1C5DF0042A253 /* HTUtils.h */,
				AA780DA813F1C5DF0042A253 /* HTUtils.m */,
			);
			path = util;
			sourceTree = "<group>";
		};
		AA6FCF3415D3E953008AE5AB /* SquashContextMenu */ = {
			isa = PBXGroup;
			children = (
				AA6FCF3B15D3EA3A008AE5AB /* SquashContextMenuSheetCtl.h */,
				AA6FCF3C15D3EA3A008AE5AB /* SquashContextMenuSheetCtl.m */,
				AA6FCF3D15D3EA3A008AE5AB /* SquashContextMenuSheetCtl.xib */,
				AA6FCF4415D3F271008AE5AB /* SquashContextMenuItems.plist */,
			);
			path = SquashContextMenu;
			sourceTree = "<group>";
		};
		AA780D9E13F1A84A0042A253 /* ClassifyDownloadFolder */ = {
			isa = PBXGroup;
			children = (
				AA780DA013F1A88C0042A253 /* STClassifyDownloadAdvSheetCtl.h */,
				AA780DA113F1A88C0042A253 /* STClassifyDownloadAdvSheetCtl.m */,
				AA780DA513F1C0F40042A253 /* STClassifyDownloadAdvSheet.xib */,
			);
			path = ClassifyDownloadFolder;
			sourceTree = "<group>";
		};
		AAAC1AA213BE14AE00FB13A2 /* HTQuerySeed */ = {
			isa = PBXGroup;
			children = (
				AAAC1AAD13BE2BEA00FB13A2 /* HTQuerySeed.h */,
				AAAC1AAE13BE2BEA00FB13A2 /* HTQuerySeed.m */,
				AAAC1AA413BE14AF00FB13A2 /* HTQuerySeedEditViewCtl.h */,
				AAAC1AA513BE14AF00FB13A2 /* HTQuerySeedEditViewCtl.m */,
				AA92216D13C04DB1006E898F /* HTQuerySeedEditViewCtl.xib */,
				AA0B390115C28CEA00A025FF /* quicksearch_defaults.plist */,
			);
			path = HTQuerySeed;
			sourceTree = "<group>";
		};
		AAD79B5013E2BBDC004CE895 /* SearchItLater */ = {
			isa = PBXGroup;
			children = (
				AAD79B5113E2BC09004CE895 /* STSearchItLaterWinCtl.xib */,
				AAD79B5313E2BC2E004CE895 /* STSearchItLaterWinCtl.h */,
				AAD79B5413E2BC2E004CE895 /* STSearchItLaterWinCtl.m */,
			);
			path = SearchItLater;
			sourceTree = "<group>";
		};
		AAF9D28B147E1E210018C949 /* ClipWebArchive */ = {
			isa = PBXGroup;
			children = (
				AAF9D28C147E1E210018C949 /* HTDOMElementHierarchyMenuItem.h */,
				AAF9D28D147E1E210018C949 /* HTDOMElementHierarchyMenuItem.m */,
				AAF9D28E147E1E210018C949 /* HTFilePresetPopUpButton.h */,
				AAF9D28F147E1E210018C949 /* HTFilePresetPopUpButton.m */,
				AAF9D290147E1E210018C949 /* HTWebClipWin.nib */,
				AAF9D291147E1E210018C949 /* HTWebClipwinCtl.h */,
				AAF9D292147E1E210018C949 /* HTWebClipwinCtl.m */,
				AAF9D298147E23310018C949 /* clip_edit.tiff */,
				AAF9D299147E23310018C949 /* clip_header.html */,
				AAF9D29A147E23310018C949 /* clip_header.tiff */,
				AAF9D29B147E23310018C949 /* clip_memo.html */,
				AAF9D29C147E23310018C949 /* clip_memo.tiff */,
				AAF9D29D147E23310018C949 /* clip_savec.tiff */,
			);
			path = ClipWebArchive;
			sourceTree = "<group>";
		};
/* End PBXGroup section */

/* Begin PBXNativeTarget section */
		AA12DA7913B73EFA0082EBB3 /* SafariStand */ = {
			isa = PBXNativeTarget;
			buildConfigurationList = AA12DA8C13B73EFA0082EBB3 /* Build configuration list for PBXNativeTarget "SafariStand" */;
			buildPhases = (
				AA12DA7613B73EFA0082EBB3 /* Sources */,
				AA12DA7713B73EFA0082EBB3 /* Frameworks */,
				AA12DA7813B73EFA0082EBB3 /* Resources */,
			);
			buildRules = (
			);
			dependencies = (
			);
			name = SafariStand;
			productName = SafariStand;
			productReference = AA12DA7A13B73EFA0082EBB3 /* SafariStand.bundle */;
			productType = "com.apple.product-type.bundle";
		};
/* End PBXNativeTarget section */

/* Begin PBXProject section */
		AA12DA7113B73EFA0082EBB3 /* Project object */ = {
			isa = PBXProject;
			attributes = {
				LastUpgradeCheck = 0460;
			};
			buildConfigurationList = AA12DA7413B73EFA0082EBB3 /* Build configuration list for PBXProject "SafariStand" */;
			compatibilityVersion = "Xcode 3.2";
			developmentRegion = English;
			hasScannedForEncodings = 0;
			knownRegions = (
				en,
				ja,
			);
			mainGroup = AA12DA6F13B73EFA0082EBB3;
			productRefGroup = AA12DA7B13B73EFA0082EBB3 /* Products */;
			projectDirPath = "";
			projectRoot = "";
			targets = (
				AA12DA7913B73EFA0082EBB3 /* SafariStand */,
			);
		};
/* End PBXProject section */

/* Begin PBXResourcesBuildPhase section */
		AA12DA7813B73EFA0082EBB3 /* Resources */ = {
			isa = PBXResourcesBuildPhase;
			buildActionMask = 2147483647;
			files = (
				AA12DA8813B73EFA0082EBB3 /* InfoPlist.strings in Resources */,
				AA92216E13C04DE6006E898F /* STCPrefWin.xib in Resources */,
				AA718AA813BAD39D00327606 /* STPrefGeneral.tiff in Resources */,
				AA92216C13C04DB1006E898F /* HTQuerySeedEditViewCtl.xib in Resources */,
				AACAD26F13E15BF100170193 /* STPrefSearch.png in Resources */,
				AAD79B5213E2BC09004CE895 /* STSearchItLaterWinCtl.xib in Resources */,
				AA0881AA13E4284B003B70DF /* Localizable.strings in Resources */,
				AA780DA613F1C0F40042A253 /* STClassifyDownloadAdvSheet.xib in Resources */,
				AA396F0013F61B1E00EF5806 /* STStandSearchViewCtl.xib in Resources */,
				AA396F0813F639A100EF5806 /* STStandSearchWinCtl.xib in Resources */,
				AAF9D295147E1E210018C949 /* HTWebClipWin.nib in Resources */,
				AAF9D29E147E23310018C949 /* clip_edit.tiff in Resources */,
				AAF9D29F147E23310018C949 /* clip_header.html in Resources */,
				AAF9D2A0147E23310018C949 /* clip_header.tiff in Resources */,
				AAF9D2A1147E23310018C949 /* clip_memo.html in Resources */,
				AAF9D2A2147E23310018C949 /* clip_memo.tiff in Resources */,
				AAF9D2A3147E23310018C949 /* clip_savec.tiff in Resources */,
				AA0B390215C28CEA00A025FF /* quicksearch_defaults.plist in Resources */,
				AA0B390715C5044F00A025FF /* STTBActionMenu.tiff in Resources */,
				AA0B390C15C54ED000A025FF /* STTBActionMenuDisabled.tiff in Resources */,
				AA6FCF3F15D3EA3A008AE5AB /* SquashContextMenuSheetCtl.xib in Resources */,
				AA6FCF4215D3F271008AE5AB /* SquashContextMenuItems.plist in Resources */,
			);
			runOnlyForDeploymentPostprocessing = 0;
		};
/* End PBXResourcesBuildPhase section */

/* Begin PBXSourcesBuildPhase section */
		AA12DA7613B73EFA0082EBB3 /* Sources */ = {
			isa = PBXSourcesBuildPhase;
			buildActionMask = 2147483647;
			files = (
				AA04F85013B8867700A8C548 /* STCSimblLorder.m in Sources */,
				AA04F85313B88BF800A8C548 /* STSafariConnect.m in Sources */,
				AA47D5D813B97CC800C9A19E /* STCSafariStandCore.m in Sources */,
				AA47D5DB13B9AC3100C9A19E /* STCModule.m in Sources */,
				AA47D5DF13B9AE3A00C9A19E /* STBookmarkSeparator.m in Sources */,
				AA47D5E213B9AFD400C9A19E /* HTObjectHook.m in Sources */,
				AA47D5EC13B9B42800C9A19E /* NSObject+HTAssociatedObject.m in Sources */,
				AA718A9D13B9D8DA00327606 /* STActionMessage.m in Sources */,
				AA718AA113B9F47300327606 /* STCTabWithToolbarWinCtl.m in Sources */,
				AA718AA613BA00DE00327606 /* STPrefWindowModule.m in Sources */,
				AA718AB713BB46CB00327606 /* STCSafariStandCore+Toolbar.m in Sources */,
				AA718ABA13BB524C00327606 /* STSToolbarModule.m in Sources */,
				AA5B3AAC13BC7667001453C0 /* STSContextMenuModule.m in Sources */,
				AAAC1AA813BE14AF00FB13A2 /* HTQuerySeedEditViewCtl.m in Sources */,
				AAAC1AAC13BE163700FB13A2 /* STQuickSearch.m in Sources */,
				AAAC1AAF13BE2BEA00FB13A2 /* HTQuerySeed.m in Sources */,
				AAAC1AB213BE3E0500FB13A2 /* HTArrayController.m in Sources */,
				AA934E8B13BF18650019D191 /* NSApplication+SafariStand.m in Sources */,
				AA775EF313DA7470001B0461 /* STSTabBarModule.m in Sources */,
				AA775EF713DA9603001B0461 /* NSString+HTUtil.m in Sources */,
				AA775EFA13DB9182001B0461 /* STQuickSearch+CompletionCtl.m in Sources */,
				AA09B1F213DE866100389D8B /* STKeyHandler.m in Sources */,
				AACAD26D13E126D700170193 /* HTWebKit2Adapter.m in Sources */,
				AAD79B4E13E29DF2004CE895 /* STQuickSearch+SearchItLater.m in Sources */,
				AAD79B5513E2BC2E004CE895 /* STSearchItLaterWinCtl.m in Sources */,
				AA0881B013E51287003B70DF /* STSTitleBarModule.m in Sources */,
				AAF8702613E55E4E00AC67A1 /* STSDownloadModule.m in Sources */,
				AA780DA313F1A88C0042A253 /* STClassifyDownloadAdvSheetCtl.m in Sources */,
				AA780DA913F1C5E00042A253 /* HTUtils.m in Sources */,
				AA396EFF13F61B1E00EF5806 /* STStandSearchViewCtl.m in Sources */,
				AA396F0313F61ED800EF5806 /* STMetadataQueryCtl.m in Sources */,
				AA396F0613F638C100EF5806 /* STStandSearchWinCtl.m in Sources */,
				AAF9D293147E1E210018C949 /* HTDOMElementHierarchyMenuItem.m in Sources */,
				AAF9D294147E1E210018C949 /* HTFilePresetPopUpButton.m in Sources */,
				AAF9D296147E1E210018C949 /* HTWebClipwinCtl.m in Sources */,
				AA0B390515C503EC00A025FF /* STActionMenuModule.m in Sources */,
				AA6FCF3E15D3EA3A008AE5AB /* SquashContextMenuSheetCtl.m in Sources */,
				AA171B74168E05C1007A4661 /* STQuickSearch+QSToolbar.m in Sources */,
				AA171B791690A4A7007A4661 /* STQSToolbarBaseView.m in Sources */,
				AA171B7F1690A54E007A4661 /* STQSToolbarSearchView.m in Sources */,
			);
			runOnlyForDeploymentPostprocessing = 0;
		};
/* End PBXSourcesBuildPhase section */

/* Begin PBXVariantGroup section */
		AA0881AC13E4284B003B70DF /* Localizable.strings */ = {
			isa = PBXVariantGroup;
			children = (
				AA0881AB13E4284B003B70DF /* en */,
				AA0881AD13E4289A003B70DF /* ja */,
			);
			name = Localizable.strings;
			sourceTree = "<group>";
		};
		AA12DA8613B73EFA0082EBB3 /* InfoPlist.strings */ = {
			isa = PBXVariantGroup;
			children = (
				AA12DA8713B73EFA0082EBB3 /* en */,
			);
			name = InfoPlist.strings;
			sourceTree = "<group>";
		};
		AA6FCF4415D3F271008AE5AB /* SquashContextMenuItems.plist */ = {
			isa = PBXVariantGroup;
			children = (
				AA6FCF4315D3F271008AE5AB /* en */,
				AA6FCF4515D3F287008AE5AB /* ja */,
			);
			name = SquashContextMenuItems.plist;
			sourceTree = "<group>";
		};
/* End PBXVariantGroup section */

/* Begin XCBuildConfiguration section */
		AA12DA8A13B73EFA0082EBB3 /* Debug */ = {
			isa = XCBuildConfiguration;
			buildSettings = {
				ARCHS = "$(ARCHS_STANDARD_32_64_BIT)";
				CLANG_ENABLE_OBJC_ARC = NO;
				CLANG_WARN_CONSTANT_CONVERSION = YES;
				CLANG_WARN_ENUM_CONVERSION = YES;
				CLANG_WARN_INT_CONVERSION = YES;
				CLANG_WARN__DUPLICATE_METHOD_MATCH = YES;
				FRAMEWORK_SEARCH_PATHS = /System/Library/PrivateFrameworks;
				GCC_C_LANGUAGE_STANDARD = gnu99;
				GCC_OPTIMIZATION_LEVEL = 0;
				GCC_PREPROCESSOR_DEFINITIONS = DEBUG;
				GCC_SYMBOLS_PRIVATE_EXTERN = YES;
				GCC_VERSION = com.apple.compilers.llvm.clang.1_0;
				GCC_WARN_64_TO_32_BIT_CONVERSION = YES;
				GCC_WARN_ABOUT_RETURN_TYPE = YES;
				GCC_WARN_UNINITIALIZED_AUTOS = YES;
				GCC_WARN_UNUSED_VARIABLE = YES;
				MACOSX_DEPLOYMENT_TARGET = 10.7;
				ONLY_ACTIVE_ARCH = YES;
				SDKROOT = macosx;
			};
			name = Debug;
		};
		AA12DA8B13B73EFA0082EBB3 /* Release */ = {
			isa = XCBuildConfiguration;
			buildSettings = {
				ARCHS = "$(ARCHS_STANDARD_32_64_BIT)";
				CLANG_ENABLE_OBJC_ARC = NO;
				CLANG_WARN_CONSTANT_CONVERSION = YES;
				CLANG_WARN_ENUM_CONVERSION = YES;
				CLANG_WARN_INT_CONVERSION = YES;
				CLANG_WARN__DUPLICATE_METHOD_MATCH = YES;
				FRAMEWORK_SEARCH_PATHS = /System/Library/PrivateFrameworks;
				GCC_C_LANGUAGE_STANDARD = gnu99;
				GCC_SYMBOLS_PRIVATE_EXTERN = YES;
				GCC_VERSION = com.apple.compilers.llvm.clang.1_0;
				GCC_WARN_64_TO_32_BIT_CONVERSION = YES;
				GCC_WARN_ABOUT_RETURN_TYPE = YES;
				GCC_WARN_UNINITIALIZED_AUTOS = YES;
				GCC_WARN_UNUSED_VARIABLE = YES;
				MACOSX_DEPLOYMENT_TARGET = 10.7;
				SDKROOT = macosx;
			};
			name = Release;
		};
		AA12DA8D13B73EFA0082EBB3 /* Debug */ = {
			isa = XCBuildConfiguration;
			buildSettings = {
				ALWAYS_SEARCH_USER_PATHS = NO;
				ARCHS = "$(ARCHS_STANDARD_64_BIT)";
				CLANG_ENABLE_OBJC_ARC = NO;
				COMBINE_HIDPI_IMAGES = YES;
				COPY_PHASE_STRIP = NO;
				FRAMEWORK_SEARCH_PATHS = (
					"$(inherited)",
					"\"$(SDKROOT)$(SYSTEM_LIBRARY_DIR)/PrivateFrameworks\"",
					/Applications/Xcode.app/Contents/Developer/Platforms/MacOSX.platform/Developer/SDKs/MacOSX10.7.sdk/System/Library/Frameworks/ApplicationServices.framework/Frameworks,
				);
				GCC_DYNAMIC_NO_PIC = NO;
				GCC_ENABLE_OBJC_EXCEPTIONS = YES;
				GCC_PRECOMPILE_PREFIX_HEADER = YES;
				GCC_PREFIX_HEADER = "SafariStand/SafariStand-Prefix.pch";
				HEADER_SEARCH_PATHS = "$(inherited)";
				INFOPLIST_FILE = "SafariStand/SafariStand-Info.plist";
				INSTALL_PATH = "$(LOCAL_LIBRARY_DIR)/Bundles";
				LIBRARY_SEARCH_PATHS = "";
				PRODUCT_NAME = "$(TARGET_NAME)";
				SDKROOT = macosx;
				WRAPPER_EXTENSION = bundle;
			};
			name = Debug;
		};
		AA12DA8E13B73EFA0082EBB3 /* Release */ = {
			isa = XCBuildConfiguration;
			buildSettings = {
				ALWAYS_SEARCH_USER_PATHS = NO;
				ARCHS = "$(ARCHS_STANDARD_64_BIT)";
				CLANG_ENABLE_OBJC_ARC = NO;
				COMBINE_HIDPI_IMAGES = YES;
				COPY_PHASE_STRIP = YES;
				DEBUG_INFORMATION_FORMAT = "dwarf-with-dsym";
				FRAMEWORK_SEARCH_PATHS = (
					"$(inherited)",
					"\"$(SDKROOT)$(SYSTEM_LIBRARY_DIR)/PrivateFrameworks\"",
					/Applications/Xcode.app/Contents/Developer/Platforms/MacOSX.platform/Developer/SDKs/MacOSX10.7.sdk/System/Library/Frameworks/ApplicationServices.framework/Frameworks,
				);
				GCC_ENABLE_OBJC_EXCEPTIONS = YES;
				GCC_GENERATE_DEBUGGING_SYMBOLS = NO;
				GCC_PRECOMPILE_PREFIX_HEADER = YES;
				GCC_PREFIX_HEADER = "SafariStand/SafariStand-Prefix.pch";
				HEADER_SEARCH_PATHS = "$(inherited)";
				INFOPLIST_FILE = "SafariStand/SafariStand-Info.plist";
				INSTALL_PATH = "$(LOCAL_LIBRARY_DIR)/Bundles";
				LIBRARY_SEARCH_PATHS = "";
				PRODUCT_NAME = "$(TARGET_NAME)";
				SDKROOT = macosx;
				WRAPPER_EXTENSION = bundle;
			};
			name = Release;
		};
/* End XCBuildConfiguration section */

/* Begin XCConfigurationList section */
		AA12DA7413B73EFA0082EBB3 /* Build configuration list for PBXProject "SafariStand" */ = {
			isa = XCConfigurationList;
			buildConfigurations = (
				AA12DA8A13B73EFA0082EBB3 /* Debug */,
				AA12DA8B13B73EFA0082EBB3 /* Release */,
			);
			defaultConfigurationIsVisible = 0;
			defaultConfigurationName = Release;
		};
		AA12DA8C13B73EFA0082EBB3 /* Build configuration list for PBXNativeTarget "SafariStand" */ = {
			isa = XCConfigurationList;
			buildConfigurations = (
				AA12DA8D13B73EFA0082EBB3 /* Debug */,
				AA12DA8E13B73EFA0082EBB3 /* Release */,
			);
			defaultConfigurationIsVisible = 0;
			defaultConfigurationName = Release;
		};
/* End XCConfigurationList section */
	};
	rootObject = AA12DA7113B73EFA0082EBB3 /* Project object */;
}
